// !$*UTF8*$!
{
	archiveVersion = 1;
	classes = {
	};
	objectVersion = 46;
	objects = {

/* Begin PBXBuildFile section */
		77ADAAF31EE00A4500E33C07 /* AppDelegate.swift in Sources */ = {isa = PBXBuildFile; fileRef = 77ADAAF21EE00A4500E33C07 /* AppDelegate.swift */; };
		77ADAAF51EE00A4500E33C07 /* ViewController.swift in Sources */ = {isa = PBXBuildFile; fileRef = 77ADAAF41EE00A4500E33C07 /* ViewController.swift */; };
		77ADAAF81EE00A4500E33C07 /* Main.storyboard in Resources */ = {isa = PBXBuildFile; fileRef = 77ADAAF61EE00A4500E33C07 /* Main.storyboard */; };
		77ADAAFB1EE00A4500E33C07 /* YahooLogin_ContactList.xcdatamodeld in Sources */ = {isa = PBXBuildFile; fileRef = 77ADAAF91EE00A4500E33C07 /* YahooLogin_ContactList.xcdatamodeld */; };
		77ADAAFD1EE00A4600E33C07 /* Assets.xcassets in Resources */ = {isa = PBXBuildFile; fileRef = 77ADAAFC1EE00A4600E33C07 /* Assets.xcassets */; };
		77ADAB001EE00A4600E33C07 /* LaunchScreen.storyboard in Resources */ = {isa = PBXBuildFile; fileRef = 77ADAAFE1EE00A4600E33C07 /* LaunchScreen.storyboard */; };
		77ADAB0B1EE00A4600E33C07 /* YahooLogin_ContactListTests.swift in Sources */ = {isa = PBXBuildFile; fileRef = 77ADAB0A1EE00A4600E33C07 /* YahooLogin_ContactListTests.swift */; };
		77ADAB161EE00A4600E33C07 /* YahooLogin_ContactListUITests.swift in Sources */ = {isa = PBXBuildFile; fileRef = 77ADAB151EE00A4600E33C07 /* YahooLogin_ContactListUITests.swift */; };
		77ADAB411EE00B3F00E33C07 /* YahooSession.m in Sources */ = {isa = PBXBuildFile; fileRef = 77ADAB2A1EE00B3F00E33C07 /* YahooSession.m */; };
		77ADAB421EE00B3F00E33C07 /* YOSAccessToken.m in Sources */ = {isa = PBXBuildFile; fileRef = 77ADAB2C1EE00B3F00E33C07 /* YOSAccessToken.m */; };
		77ADAB431EE00B3F00E33C07 /* YOSAuthRequest.m in Sources */ = {isa = PBXBuildFile; fileRef = 77ADAB2E1EE00B3F00E33C07 /* YOSAuthRequest.m */; };
		77ADAB441EE00B3F00E33C07 /* YOSBaseRequest.m in Sources */ = {isa = PBXBuildFile; fileRef = 77ADAB301EE00B3F00E33C07 /* YOSBaseRequest.m */; };
		77ADAB451EE00B3F00E33C07 /* YOSOpenSocialRequest.m in Sources */ = {isa = PBXBuildFile; fileRef = 77ADAB321EE00B3F00E33C07 /* YOSOpenSocialRequest.m */; };
		77ADAB461EE00B3F00E33C07 /* YOSRequestClient.m in Sources */ = {isa = PBXBuildFile; fileRef = 77ADAB341EE00B3F00E33C07 /* YOSRequestClient.m */; };
		77ADAB471EE00B3F00E33C07 /* YOSRequestToken.m in Sources */ = {isa = PBXBuildFile; fileRef = 77ADAB361EE00B3F00E33C07 /* YOSRequestToken.m */; };
		77ADAB481EE00B3F00E33C07 /* YOSResponseData.m in Sources */ = {isa = PBXBuildFile; fileRef = 77ADAB381EE00B3F00E33C07 /* YOSResponseData.m */; };
		77ADAB491EE00B3F00E33C07 /* YOSTokenStore.m in Sources */ = {isa = PBXBuildFile; fileRef = 77ADAB3A1EE00B3F00E33C07 /* YOSTokenStore.m */; };
		77ADAB4A1EE00B3F00E33C07 /* YOSUser.m in Sources */ = {isa = PBXBuildFile; fileRef = 77ADAB3C1EE00B3F00E33C07 /* YOSUser.m */; };
		77ADAB4B1EE00B3F00E33C07 /* YOSUserRequest.m in Sources */ = {isa = PBXBuildFile; fileRef = 77ADAB3E1EE00B3F00E33C07 /* YOSUserRequest.m */; };
		77ADAB4C1EE00B3F00E33C07 /* YQLQueryRequest.m in Sources */ = {isa = PBXBuildFile; fileRef = 77ADAB401EE00B3F00E33C07 /* YQLQueryRequest.m */; };
		77ADAB611EE00B5400E33C07 /* NSData+OAuthResponse.m in Sources */ = {isa = PBXBuildFile; fileRef = 77ADAB4E1EE00B5400E33C07 /* NSData+OAuthResponse.m */; };
		77ADAB621EE00B5400E33C07 /* NSDictionary+QueryString.m in Sources */ = {isa = PBXBuildFile; fileRef = 77ADAB501EE00B5400E33C07 /* NSDictionary+QueryString.m */; };
		77ADAB631EE00B5400E33C07 /* NSString+URLEncoding.m in Sources */ = {isa = PBXBuildFile; fileRef = 77ADAB521EE00B5400E33C07 /* NSString+URLEncoding.m */; };
		77ADAB641EE00B5400E33C07 /* YOAuthConsumer.m in Sources */ = {isa = PBXBuildFile; fileRef = 77ADAB551EE00B5400E33C07 /* YOAuthConsumer.m */; };
		77ADAB651EE00B5400E33C07 /* YOAuthRequest.m in Sources */ = {isa = PBXBuildFile; fileRef = 77ADAB571EE00B5400E33C07 /* YOAuthRequest.m */; };
		77ADAB661EE00B5400E33C07 /* YOAuthSignatureMethod_HMAC-SHA1.m in Sources */ = {isa = PBXBuildFile; fileRef = 77ADAB591EE00B5400E33C07 /* YOAuthSignatureMethod_HMAC-SHA1.m */; };
		77ADAB671EE00B5400E33C07 /* YOAuthSignatureMethod_PLAINTEXT.m in Sources */ = {isa = PBXBuildFile; fileRef = 77ADAB5B1EE00B5400E33C07 /* YOAuthSignatureMethod_PLAINTEXT.m */; };
		77ADAB681EE00B5400E33C07 /* YOAuthToken.m in Sources */ = {isa = PBXBuildFile; fileRef = 77ADAB5E1EE00B5400E33C07 /* YOAuthToken.m */; };
		77ADAB691EE00B5400E33C07 /* YOAuthUtil.m in Sources */ = {isa = PBXBuildFile; fileRef = 77ADAB601EE00B5400E33C07 /* YOAuthUtil.m */; };
		77ADAB6D1EE00B6600E33C07 /* Base64Transcoder.c in Sources */ = {isa = PBXBuildFile; fileRef = 77ADAB6B1EE00B6600E33C07 /* Base64Transcoder.c */; };
		77ADAB6F1EE00BD600E33C07 /* Yahoo.swift in Sources */ = {isa = PBXBuildFile; fileRef = 77ADAB6E1EE00BD600E33C07 /* Yahoo.swift */; };
		77ADAB711EE00C0000E33C07 /* PBSocialDelegate.swift in Sources */ = {isa = PBXBuildFile; fileRef = 77ADAB701EE00C0000E33C07 /* PBSocialDelegate.swift */; };
/* End PBXBuildFile section */

/* Begin PBXContainerItemProxy section */
		77ADAB071EE00A4600E33C07 /* PBXContainerItemProxy */ = {
			isa = PBXContainerItemProxy;
			containerPortal = 77ADAAE71EE00A4400E33C07 /* Project object */;
			proxyType = 1;
			remoteGlobalIDString = 77ADAAEE1EE00A4400E33C07;
			remoteInfo = YahooLogin_ContactList;
		};
		77ADAB121EE00A4600E33C07 /* PBXContainerItemProxy */ = {
			isa = PBXContainerItemProxy;
			containerPortal = 77ADAAE71EE00A4400E33C07 /* Project object */;
			proxyType = 1;
			remoteGlobalIDString = 77ADAAEE1EE00A4400E33C07;
			remoteInfo = YahooLogin_ContactList;
		};
/* End PBXContainerItemProxy section */

/* Begin PBXFileReference section */
		77ADAAEF1EE00A4400E33C07 /* YahooLogin_ContactList.app */ = {isa = PBXFileReference; explicitFileType = wrapper.application; includeInIndex = 0; path = YahooLogin_ContactList.app; sourceTree = BUILT_PRODUCTS_DIR; };
		77ADAAF21EE00A4500E33C07 /* AppDelegate.swift */ = {isa = PBXFileReference; lastKnownFileType = sourcecode.swift; path = AppDelegate.swift; sourceTree = "<group>"; };
		77ADAAF41EE00A4500E33C07 /* ViewController.swift */ = {isa = PBXFileReference; lastKnownFileType = sourcecode.swift; path = ViewController.swift; sourceTree = "<group>"; };
		77ADAAF71EE00A4500E33C07 /* Base */ = {isa = PBXFileReference; lastKnownFileType = file.storyboard; name = Base; path = Base.lproj/Main.storyboard; sourceTree = "<group>"; };
		77ADAAFA1EE00A4500E33C07 /* YahooLogin_ContactList.xcdatamodel */ = {isa = PBXFileReference; lastKnownFileType = wrapper.xcdatamodel; path = YahooLogin_ContactList.xcdatamodel; sourceTree = "<group>"; };
		77ADAAFC1EE00A4600E33C07 /* Assets.xcassets */ = {isa = PBXFileReference; lastKnownFileType = folder.assetcatalog; path = Assets.xcassets; sourceTree = "<group>"; };
		77ADAAFF1EE00A4600E33C07 /* Base */ = {isa = PBXFileReference; lastKnownFileType = file.storyboard; name = Base; path = Base.lproj/LaunchScreen.storyboard; sourceTree = "<group>"; };
		77ADAB011EE00A4600E33C07 /* Info.plist */ = {isa = PBXFileReference; lastKnownFileType = text.plist.xml; path = Info.plist; sourceTree = "<group>"; };
		77ADAB061EE00A4600E33C07 /* YahooLogin_ContactListTests.xctest */ = {isa = PBXFileReference; explicitFileType = wrapper.cfbundle; includeInIndex = 0; path = YahooLogin_ContactListTests.xctest; sourceTree = BUILT_PRODUCTS_DIR; };
		77ADAB0A1EE00A4600E33C07 /* YahooLogin_ContactListTests.swift */ = {isa = PBXFileReference; lastKnownFileType = sourcecode.swift; path = YahooLogin_ContactListTests.swift; sourceTree = "<group>"; };
		77ADAB0C1EE00A4600E33C07 /* Info.plist */ = {isa = PBXFileReference; lastKnownFileType = text.plist.xml; path = Info.plist; sourceTree = "<group>"; };
		77ADAB111EE00A4600E33C07 /* YahooLogin_ContactListUITests.xctest */ = {isa = PBXFileReference; explicitFileType = wrapper.cfbundle; includeInIndex = 0; path = YahooLogin_ContactListUITests.xctest; sourceTree = BUILT_PRODUCTS_DIR; };
		77ADAB151EE00A4600E33C07 /* YahooLogin_ContactListUITests.swift */ = {isa = PBXFileReference; lastKnownFileType = sourcecode.swift; path = YahooLogin_ContactListUITests.swift; sourceTree = "<group>"; };
		77ADAB171EE00A4600E33C07 /* Info.plist */ = {isa = PBXFileReference; lastKnownFileType = text.plist.xml; path = Info.plist; sourceTree = "<group>"; };
		77ADAB271EE00B3E00E33C07 /* YahooLogin_ContactList-Bridging-Header.h */ = {isa = PBXFileReference; lastKnownFileType = sourcecode.c.h; path = "YahooLogin_ContactList-Bridging-Header.h"; sourceTree = "<group>"; };
		77ADAB281EE00B3F00E33C07 /* YahooSDK.h */ = {isa = PBXFileReference; fileEncoding = 4; lastKnownFileType = sourcecode.c.h; name = YahooSDK.h; path = YahooSDK/YOSDK/YahooSDK.h; sourceTree = "<group>"; };
		77ADAB291EE00B3F00E33C07 /* YahooSession.h */ = {isa = PBXFileReference; fileEncoding = 4; lastKnownFileType = sourcecode.c.h; name = YahooSession.h; path = YahooSDK/YOSDK/YahooSession.h; sourceTree = "<group>"; };
		77ADAB2A1EE00B3F00E33C07 /* YahooSession.m */ = {isa = PBXFileReference; fileEncoding = 4; lastKnownFileType = sourcecode.c.objc; name = YahooSession.m; path = YahooSDK/YOSDK/YahooSession.m; sourceTree = "<group>"; };
		77ADAB2B1EE00B3F00E33C07 /* YOSAccessToken.h */ = {isa = PBXFileReference; fileEncoding = 4; lastKnownFileType = sourcecode.c.h; name = YOSAccessToken.h; path = YahooSDK/YOSDK/YOSAccessToken.h; sourceTree = "<group>"; };
		77ADAB2C1EE00B3F00E33C07 /* YOSAccessToken.m */ = {isa = PBXFileReference; fileEncoding = 4; lastKnownFileType = sourcecode.c.objc; name = YOSAccessToken.m; path = YahooSDK/YOSDK/YOSAccessToken.m; sourceTree = "<group>"; };
		77ADAB2D1EE00B3F00E33C07 /* YOSAuthRequest.h */ = {isa = PBXFileReference; fileEncoding = 4; lastKnownFileType = sourcecode.c.h; name = YOSAuthRequest.h; path = YahooSDK/YOSDK/YOSAuthRequest.h; sourceTree = "<group>"; };
		77ADAB2E1EE00B3F00E33C07 /* YOSAuthRequest.m */ = {isa = PBXFileReference; fileEncoding = 4; lastKnownFileType = sourcecode.c.objc; name = YOSAuthRequest.m; path = YahooSDK/YOSDK/YOSAuthRequest.m; sourceTree = "<group>"; };
		77ADAB2F1EE00B3F00E33C07 /* YOSBaseRequest.h */ = {isa = PBXFileReference; fileEncoding = 4; lastKnownFileType = sourcecode.c.h; name = YOSBaseRequest.h; path = YahooSDK/YOSDK/YOSBaseRequest.h; sourceTree = "<group>"; };
		77ADAB301EE00B3F00E33C07 /* YOSBaseRequest.m */ = {isa = PBXFileReference; fileEncoding = 4; lastKnownFileType = sourcecode.c.objc; name = YOSBaseRequest.m; path = YahooSDK/YOSDK/YOSBaseRequest.m; sourceTree = "<group>"; };
		77ADAB311EE00B3F00E33C07 /* YOSOpenSocialRequest.h */ = {isa = PBXFileReference; fileEncoding = 4; lastKnownFileType = sourcecode.c.h; name = YOSOpenSocialRequest.h; path = YahooSDK/YOSDK/YOSOpenSocialRequest.h; sourceTree = "<group>"; };
		77ADAB321EE00B3F00E33C07 /* YOSOpenSocialRequest.m */ = {isa = PBXFileReference; fileEncoding = 4; lastKnownFileType = sourcecode.c.objc; name = YOSOpenSocialRequest.m; path = YahooSDK/YOSDK/YOSOpenSocialRequest.m; sourceTree = "<group>"; };
		77ADAB331EE00B3F00E33C07 /* YOSRequestClient.h */ = {isa = PBXFileReference; fileEncoding = 4; lastKnownFileType = sourcecode.c.h; name = YOSRequestClient.h; path = YahooSDK/YOSDK/YOSRequestClient.h; sourceTree = "<group>"; };
		77ADAB341EE00B3F00E33C07 /* YOSRequestClient.m */ = {isa = PBXFileReference; fileEncoding = 4; lastKnownFileType = sourcecode.c.objc; name = YOSRequestClient.m; path = YahooSDK/YOSDK/YOSRequestClient.m; sourceTree = "<group>"; };
		77ADAB351EE00B3F00E33C07 /* YOSRequestToken.h */ = {isa = PBXFileReference; fileEncoding = 4; lastKnownFileType = sourcecode.c.h; name = YOSRequestToken.h; path = YahooSDK/YOSDK/YOSRequestToken.h; sourceTree = "<group>"; };
		77ADAB361EE00B3F00E33C07 /* YOSRequestToken.m */ = {isa = PBXFileReference; fileEncoding = 4; lastKnownFileType = sourcecode.c.objc; name = YOSRequestToken.m; path = YahooSDK/YOSDK/YOSRequestToken.m; sourceTree = "<group>"; };
		77ADAB371EE00B3F00E33C07 /* YOSResponseData.h */ = {isa = PBXFileReference; fileEncoding = 4; lastKnownFileType = sourcecode.c.h; name = YOSResponseData.h; path = YahooSDK/YOSDK/YOSResponseData.h; sourceTree = "<group>"; };
		77ADAB381EE00B3F00E33C07 /* YOSResponseData.m */ = {isa = PBXFileReference; fileEncoding = 4; lastKnownFileType = sourcecode.c.objc; name = YOSResponseData.m; path = YahooSDK/YOSDK/YOSResponseData.m; sourceTree = "<group>"; };
		77ADAB391EE00B3F00E33C07 /* YOSTokenStore.h */ = {isa = PBXFileReference; fileEncoding = 4; lastKnownFileType = sourcecode.c.h; name = YOSTokenStore.h; path = YahooSDK/YOSDK/YOSTokenStore.h; sourceTree = "<group>"; };
		77ADAB3A1EE00B3F00E33C07 /* YOSTokenStore.m */ = {isa = PBXFileReference; fileEncoding = 4; lastKnownFileType = sourcecode.c.objc; name = YOSTokenStore.m; path = YahooSDK/YOSDK/YOSTokenStore.m; sourceTree = "<group>"; };
		77ADAB3B1EE00B3F00E33C07 /* YOSUser.h */ = {isa = PBXFileReference; fileEncoding = 4; lastKnownFileType = sourcecode.c.h; name = YOSUser.h; path = YahooSDK/YOSDK/YOSUser.h; sourceTree = "<group>"; };
		77ADAB3C1EE00B3F00E33C07 /* YOSUser.m */ = {isa = PBXFileReference; fileEncoding = 4; lastKnownFileType = sourcecode.c.objc; name = YOSUser.m; path = YahooSDK/YOSDK/YOSUser.m; sourceTree = "<group>"; };
		77ADAB3D1EE00B3F00E33C07 /* YOSUserRequest.h */ = {isa = PBXFileReference; fileEncoding = 4; lastKnownFileType = sourcecode.c.h; name = YOSUserRequest.h; path = YahooSDK/YOSDK/YOSUserRequest.h; sourceTree = "<group>"; };
		77ADAB3E1EE00B3F00E33C07 /* YOSUserRequest.m */ = {isa = PBXFileReference; fileEncoding = 4; lastKnownFileType = sourcecode.c.objc; name = YOSUserRequest.m; path = YahooSDK/YOSDK/YOSUserRequest.m; sourceTree = "<group>"; };
		77ADAB3F1EE00B3F00E33C07 /* YQLQueryRequest.h */ = {isa = PBXFileReference; fileEncoding = 4; lastKnownFileType = sourcecode.c.h; name = YQLQueryRequest.h; path = YahooSDK/YOSDK/YQLQueryRequest.h; sourceTree = "<group>"; };
		77ADAB401EE00B3F00E33C07 /* YQLQueryRequest.m */ = {isa = PBXFileReference; fileEncoding = 4; lastKnownFileType = sourcecode.c.objc; name = YQLQueryRequest.m; path = YahooSDK/YOSDK/YQLQueryRequest.m; sourceTree = "<group>"; };
		77ADAB4D1EE00B5400E33C07 /* NSData+OAuthResponse.h */ = {isa = PBXFileReference; fileEncoding = 4; lastKnownFileType = sourcecode.c.h; name = "NSData+OAuthResponse.h"; path = "YahooSDK/YOAuth/NSData+OAuthResponse.h"; sourceTree = "<group>"; };
		77ADAB4E1EE00B5400E33C07 /* NSData+OAuthResponse.m */ = {isa = PBXFileReference; fileEncoding = 4; lastKnownFileType = sourcecode.c.objc; name = "NSData+OAuthResponse.m"; path = "YahooSDK/YOAuth/NSData+OAuthResponse.m"; sourceTree = "<group>"; };
		77ADAB4F1EE00B5400E33C07 /* NSDictionary+QueryString.h */ = {isa = PBXFileReference; fileEncoding = 4; lastKnownFileType = sourcecode.c.h; name = "NSDictionary+QueryString.h"; path = "YahooSDK/YOAuth/NSDictionary+QueryString.h"; sourceTree = "<group>"; };
		77ADAB501EE00B5400E33C07 /* NSDictionary+QueryString.m */ = {isa = PBXFileReference; fileEncoding = 4; lastKnownFileType = sourcecode.c.objc; name = "NSDictionary+QueryString.m"; path = "YahooSDK/YOAuth/NSDictionary+QueryString.m"; sourceTree = "<group>"; };
		77ADAB511EE00B5400E33C07 /* NSString+URLEncoding.h */ = {isa = PBXFileReference; fileEncoding = 4; lastKnownFileType = sourcecode.c.h; name = "NSString+URLEncoding.h"; path = "YahooSDK/YOAuth/NSString+URLEncoding.h"; sourceTree = "<group>"; };
		77ADAB521EE00B5400E33C07 /* NSString+URLEncoding.m */ = {isa = PBXFileReference; fileEncoding = 4; lastKnownFileType = sourcecode.c.objc; name = "NSString+URLEncoding.m"; path = "YahooSDK/YOAuth/NSString+URLEncoding.m"; sourceTree = "<group>"; };
		77ADAB531EE00B5400E33C07 /* YOAuth.h */ = {isa = PBXFileReference; fileEncoding = 4; lastKnownFileType = sourcecode.c.h; name = YOAuth.h; path = YahooSDK/YOAuth/YOAuth.h; sourceTree = "<group>"; };
		77ADAB541EE00B5400E33C07 /* YOAuthConsumer.h */ = {isa = PBXFileReference; fileEncoding = 4; lastKnownFileType = sourcecode.c.h; name = YOAuthConsumer.h; path = YahooSDK/YOAuth/YOAuthConsumer.h; sourceTree = "<group>"; };
		77ADAB551EE00B5400E33C07 /* YOAuthConsumer.m */ = {isa = PBXFileReference; fileEncoding = 4; lastKnownFileType = sourcecode.c.objc; name = YOAuthConsumer.m; path = YahooSDK/YOAuth/YOAuthConsumer.m; sourceTree = "<group>"; };
		77ADAB561EE00B5400E33C07 /* YOAuthRequest.h */ = {isa = PBXFileReference; fileEncoding = 4; lastKnownFileType = sourcecode.c.h; name = YOAuthRequest.h; path = YahooSDK/YOAuth/YOAuthRequest.h; sourceTree = "<group>"; };
		77ADAB571EE00B5400E33C07 /* YOAuthRequest.m */ = {isa = PBXFileReference; fileEncoding = 4; lastKnownFileType = sourcecode.c.objc; name = YOAuthRequest.m; path = YahooSDK/YOAuth/YOAuthRequest.m; sourceTree = "<group>"; };
		77ADAB581EE00B5400E33C07 /* YOAuthSignatureMethod_HMAC-SHA1.h */ = {isa = PBXFileReference; fileEncoding = 4; lastKnownFileType = sourcecode.c.h; name = "YOAuthSignatureMethod_HMAC-SHA1.h"; path = "YahooSDK/YOAuth/YOAuthSignatureMethod_HMAC-SHA1.h"; sourceTree = "<group>"; };
		77ADAB591EE00B5400E33C07 /* YOAuthSignatureMethod_HMAC-SHA1.m */ = {isa = PBXFileReference; fileEncoding = 4; lastKnownFileType = sourcecode.c.objc; name = "YOAuthSignatureMethod_HMAC-SHA1.m"; path = "YahooSDK/YOAuth/YOAuthSignatureMethod_HMAC-SHA1.m"; sourceTree = "<group>"; };
		77ADAB5A1EE00B5400E33C07 /* YOAuthSignatureMethod_PLAINTEXT.h */ = {isa = PBXFileReference; fileEncoding = 4; lastKnownFileType = sourcecode.c.h; name = YOAuthSignatureMethod_PLAINTEXT.h; path = YahooSDK/YOAuth/YOAuthSignatureMethod_PLAINTEXT.h; sourceTree = "<group>"; };
		77ADAB5B1EE00B5400E33C07 /* YOAuthSignatureMethod_PLAINTEXT.m */ = {isa = PBXFileReference; fileEncoding = 4; lastKnownFileType = sourcecode.c.objc; name = YOAuthSignatureMethod_PLAINTEXT.m; path = YahooSDK/YOAuth/YOAuthSignatureMethod_PLAINTEXT.m; sourceTree = "<group>"; };
		77ADAB5C1EE00B5400E33C07 /* YOAuthSignatureMethod.h */ = {isa = PBXFileReference; fileEncoding = 4; lastKnownFileType = sourcecode.c.h; name = YOAuthSignatureMethod.h; path = YahooSDK/YOAuth/YOAuthSignatureMethod.h; sourceTree = "<group>"; };
		77ADAB5D1EE00B5400E33C07 /* YOAuthToken.h */ = {isa = PBXFileReference; fileEncoding = 4; lastKnownFileType = sourcecode.c.h; name = YOAuthToken.h; path = YahooSDK/YOAuth/YOAuthToken.h; sourceTree = "<group>"; };
		77ADAB5E1EE00B5400E33C07 /* YOAuthToken.m */ = {isa = PBXFileReference; fileEncoding = 4; lastKnownFileType = sourcecode.c.objc; name = YOAuthToken.m; path = YahooSDK/YOAuth/YOAuthToken.m; sourceTree = "<group>"; };
		77ADAB5F1EE00B5400E33C07 /* YOAuthUtil.h */ = {isa = PBXFileReference; fileEncoding = 4; lastKnownFileType = sourcecode.c.h; name = YOAuthUtil.h; path = YahooSDK/YOAuth/YOAuthUtil.h; sourceTree = "<group>"; };
		77ADAB601EE00B5400E33C07 /* YOAuthUtil.m */ = {isa = PBXFileReference; fileEncoding = 4; lastKnownFileType = sourcecode.c.objc; name = YOAuthUtil.m; path = YahooSDK/YOAuth/YOAuthUtil.m; sourceTree = "<group>"; };
		77ADAB6B1EE00B6600E33C07 /* Base64Transcoder.c */ = {isa = PBXFileReference; fileEncoding = 4; lastKnownFileType = sourcecode.c.c; name = Base64Transcoder.c; path = YahooSDK/YOAuth/Crypto/Base64Transcoder.c; sourceTree = "<group>"; };
		77ADAB6C1EE00B6600E33C07 /* Base64Transcoder.h */ = {isa = PBXFileReference; fileEncoding = 4; lastKnownFileType = sourcecode.c.h; name = Base64Transcoder.h; path = YahooSDK/YOAuth/Crypto/Base64Transcoder.h; sourceTree = "<group>"; };
		77ADAB6E1EE00BD600E33C07 /* Yahoo.swift */ = {isa = PBXFileReference; fileEncoding = 4; lastKnownFileType = sourcecode.swift; path = Yahoo.swift; sourceTree = "<group>"; };
		77ADAB701EE00C0000E33C07 /* PBSocialDelegate.swift */ = {isa = PBXFileReference; fileEncoding = 4; lastKnownFileType = sourcecode.swift; path = PBSocialDelegate.swift; sourceTree = "<group>"; };
/* End PBXFileReference section */

/* Begin PBXFrameworksBuildPhase section */
		77ADAAEC1EE00A4400E33C07 /* Frameworks */ = {
			isa = PBXFrameworksBuildPhase;
			buildActionMask = 2147483647;
			files = (
			);
			runOnlyForDeploymentPostprocessing = 0;
		};
		77ADAB031EE00A4600E33C07 /* Frameworks */ = {
			isa = PBXFrameworksBuildPhase;
			buildActionMask = 2147483647;
			files = (
			);
			runOnlyForDeploymentPostprocessing = 0;
		};
		77ADAB0E1EE00A4600E33C07 /* Frameworks */ = {
			isa = PBXFrameworksBuildPhase;
			buildActionMask = 2147483647;
			files = (
			);
			runOnlyForDeploymentPostprocessing = 0;
		};
/* End PBXFrameworksBuildPhase section */

/* Begin PBXGroup section */
		77ADAAE61EE00A4400E33C07 = {
			isa = PBXGroup;
			children = (
				77ADAAF11EE00A4400E33C07 /* YahooLogin_ContactList */,
				77ADAB091EE00A4600E33C07 /* YahooLogin_ContactListTests */,
				77ADAB141EE00A4600E33C07 /* YahooLogin_ContactListUITests */,
				77ADAAF01EE00A4400E33C07 /* Products */,
			);
			sourceTree = "<group>";
		};
		77ADAAF01EE00A4400E33C07 /* Products */ = {
			isa = PBXGroup;
			children = (
				77ADAAEF1EE00A4400E33C07 /* YahooLogin_ContactList.app */,
				77ADAB061EE00A4600E33C07 /* YahooLogin_ContactListTests.xctest */,
				77ADAB111EE00A4600E33C07 /* YahooLogin_ContactListUITests.xctest */,
			);
			name = Products;
			sourceTree = "<group>";
		};
		77ADAAF11EE00A4400E33C07 /* YahooLogin_ContactList */ = {
			isa = PBXGroup;
			children = (
				77ADAB231EE00ABD00E33C07 /* YahooSDK */,
				77ADAB6E1EE00BD600E33C07 /* Yahoo.swift */,
				77ADAB701EE00C0000E33C07 /* PBSocialDelegate.swift */,
				77ADAAF21EE00A4500E33C07 /* AppDelegate.swift */,
				77ADAAF41EE00A4500E33C07 /* ViewController.swift */,
				77ADAB271EE00B3E00E33C07 /* YahooLogin_ContactList-Bridging-Header.h */,
				77ADAAF61EE00A4500E33C07 /* Main.storyboard */,
				77ADAAFC1EE00A4600E33C07 /* Assets.xcassets */,
				77ADAAFE1EE00A4600E33C07 /* LaunchScreen.storyboard */,
				77ADAB011EE00A4600E33C07 /* Info.plist */,
				77ADAAF91EE00A4500E33C07 /* YahooLogin_ContactList.xcdatamodeld */,
			);
			path = YahooLogin_ContactList;
			sourceTree = "<group>";
		};
		77ADAB091EE00A4600E33C07 /* YahooLogin_ContactListTests */ = {
			isa = PBXGroup;
			children = (
				77ADAB0A1EE00A4600E33C07 /* YahooLogin_ContactListTests.swift */,
				77ADAB0C1EE00A4600E33C07 /* Info.plist */,
			);
			path = YahooLogin_ContactListTests;
			sourceTree = "<group>";
		};
		77ADAB141EE00A4600E33C07 /* YahooLogin_ContactListUITests */ = {
			isa = PBXGroup;
			children = (
				77ADAB151EE00A4600E33C07 /* YahooLogin_ContactListUITests.swift */,
				77ADAB171EE00A4600E33C07 /* Info.plist */,
			);
			path = YahooLogin_ContactListUITests;
			sourceTree = "<group>";
		};
		77ADAB231EE00ABD00E33C07 /* YahooSDK */ = {
			isa = PBXGroup;
			children = (
				77ADAB281EE00B3F00E33C07 /* YahooSDK.h */,
				77ADAB291EE00B3F00E33C07 /* YahooSession.h */,
				77ADAB2A1EE00B3F00E33C07 /* YahooSession.m */,
				77ADAB2B1EE00B3F00E33C07 /* YOSAccessToken.h */,
				77ADAB2C1EE00B3F00E33C07 /* YOSAccessToken.m */,
				77ADAB2D1EE00B3F00E33C07 /* YOSAuthRequest.h */,
				77ADAB2E1EE00B3F00E33C07 /* YOSAuthRequest.m */,
				77ADAB2F1EE00B3F00E33C07 /* YOSBaseRequest.h */,
				77ADAB301EE00B3F00E33C07 /* YOSBaseRequest.m */,
				77ADAB311EE00B3F00E33C07 /* YOSOpenSocialRequest.h */,
				77ADAB321EE00B3F00E33C07 /* YOSOpenSocialRequest.m */,
				77ADAB331EE00B3F00E33C07 /* YOSRequestClient.h */,
				77ADAB341EE00B3F00E33C07 /* YOSRequestClient.m */,
				77ADAB351EE00B3F00E33C07 /* YOSRequestToken.h */,
				77ADAB361EE00B3F00E33C07 /* YOSRequestToken.m */,
				77ADAB371EE00B3F00E33C07 /* YOSResponseData.h */,
				77ADAB381EE00B3F00E33C07 /* YOSResponseData.m */,
				77ADAB391EE00B3F00E33C07 /* YOSTokenStore.h */,
				77ADAB3A1EE00B3F00E33C07 /* YOSTokenStore.m */,
				77ADAB3B1EE00B3F00E33C07 /* YOSUser.h */,
				77ADAB3C1EE00B3F00E33C07 /* YOSUser.m */,
				77ADAB3D1EE00B3F00E33C07 /* YOSUserRequest.h */,
				77ADAB3E1EE00B3F00E33C07 /* YOSUserRequest.m */,
				77ADAB3F1EE00B3F00E33C07 /* YQLQueryRequest.h */,
				77ADAB401EE00B3F00E33C07 /* YQLQueryRequest.m */,
				77ADAB241EE00AEB00E33C07 /* YOAuth */,
			);
			name = YahooSDK;
			sourceTree = "<group>";
		};
		77ADAB241EE00AEB00E33C07 /* YOAuth */ = {
			isa = PBXGroup;
			children = (
				77ADAB6A1EE00B5700E33C07 /* Crypto */,
				77ADAB4D1EE00B5400E33C07 /* NSData+OAuthResponse.h */,
				77ADAB4E1EE00B5400E33C07 /* NSData+OAuthResponse.m */,
				77ADAB4F1EE00B5400E33C07 /* NSDictionary+QueryString.h */,
				77ADAB501EE00B5400E33C07 /* NSDictionary+QueryString.m */,
				77ADAB511EE00B5400E33C07 /* NSString+URLEncoding.h */,
				77ADAB521EE00B5400E33C07 /* NSString+URLEncoding.m */,
				77ADAB531EE00B5400E33C07 /* YOAuth.h */,
				77ADAB541EE00B5400E33C07 /* YOAuthConsumer.h */,
				77ADAB551EE00B5400E33C07 /* YOAuthConsumer.m */,
				77ADAB561EE00B5400E33C07 /* YOAuthRequest.h */,
				77ADAB571EE00B5400E33C07 /* YOAuthRequest.m */,
				77ADAB581EE00B5400E33C07 /* YOAuthSignatureMethod_HMAC-SHA1.h */,
				77ADAB591EE00B5400E33C07 /* YOAuthSignatureMethod_HMAC-SHA1.m */,
				77ADAB5A1EE00B5400E33C07 /* YOAuthSignatureMethod_PLAINTEXT.h */,
				77ADAB5B1EE00B5400E33C07 /* YOAuthSignatureMethod_PLAINTEXT.m */,
				77ADAB5C1EE00B5400E33C07 /* YOAuthSignatureMethod.h */,
				77ADAB5D1EE00B5400E33C07 /* YOAuthToken.h */,
				77ADAB5E1EE00B5400E33C07 /* YOAuthToken.m */,
				77ADAB5F1EE00B5400E33C07 /* YOAuthUtil.h */,
				77ADAB601EE00B5400E33C07 /* YOAuthUtil.m */,
			);
			name = YOAuth;
			sourceTree = "<group>";
		};
		77ADAB6A1EE00B5700E33C07 /* Crypto */ = {
			isa = PBXGroup;
			children = (
				77ADAB6B1EE00B6600E33C07 /* Base64Transcoder.c */,
				77ADAB6C1EE00B6600E33C07 /* Base64Transcoder.h */,
			);
			name = Crypto;
			sourceTree = "<group>";
		};
/* End PBXGroup section */

/* Begin PBXNativeTarget section */
		77ADAAEE1EE00A4400E33C07 /* YahooLogin_ContactList */ = {
			isa = PBXNativeTarget;
			buildConfigurationList = 77ADAB1A1EE00A4600E33C07 /* Build configuration list for PBXNativeTarget "YahooLogin_ContactList" */;
			buildPhases = (
				77ADAAEB1EE00A4400E33C07 /* Sources */,
				77ADAAEC1EE00A4400E33C07 /* Frameworks */,
				77ADAAED1EE00A4400E33C07 /* Resources */,
			);
			buildRules = (
			);
			dependencies = (
			);
			name = YahooLogin_ContactList;
			productName = YahooLogin_ContactList;
			productReference = 77ADAAEF1EE00A4400E33C07 /* YahooLogin_ContactList.app */;
			productType = "com.apple.product-type.application";
		};
		77ADAB051EE00A4600E33C07 /* YahooLogin_ContactListTests */ = {
			isa = PBXNativeTarget;
			buildConfigurationList = 77ADAB1D1EE00A4600E33C07 /* Build configuration list for PBXNativeTarget "YahooLogin_ContactListTests" */;
			buildPhases = (
				77ADAB021EE00A4600E33C07 /* Sources */,
				77ADAB031EE00A4600E33C07 /* Frameworks */,
				77ADAB041EE00A4600E33C07 /* Resources */,
			);
			buildRules = (
			);
			dependencies = (
				77ADAB081EE00A4600E33C07 /* PBXTargetDependency */,
			);
			name = YahooLogin_ContactListTests;
			productName = YahooLogin_ContactListTests;
			productReference = 77ADAB061EE00A4600E33C07 /* YahooLogin_ContactListTests.xctest */;
			productType = "com.apple.product-type.bundle.unit-test";
		};
		77ADAB101EE00A4600E33C07 /* YahooLogin_ContactListUITests */ = {
			isa = PBXNativeTarget;
			buildConfigurationList = 77ADAB201EE00A4600E33C07 /* Build configuration list for PBXNativeTarget "YahooLogin_ContactListUITests" */;
			buildPhases = (
				77ADAB0D1EE00A4600E33C07 /* Sources */,
				77ADAB0E1EE00A4600E33C07 /* Frameworks */,
				77ADAB0F1EE00A4600E33C07 /* Resources */,
			);
			buildRules = (
			);
			dependencies = (
				77ADAB131EE00A4600E33C07 /* PBXTargetDependency */,
			);
			name = YahooLogin_ContactListUITests;
			productName = YahooLogin_ContactListUITests;
			productReference = 77ADAB111EE00A4600E33C07 /* YahooLogin_ContactListUITests.xctest */;
			productType = "com.apple.product-type.bundle.ui-testing";
		};
/* End PBXNativeTarget section */

/* Begin PBXProject section */
		77ADAAE71EE00A4400E33C07 /* Project object */ = {
			isa = PBXProject;
			attributes = {
				LastSwiftUpdateCheck = 0830;
				LastUpgradeCheck = 0830;
				ORGANIZATIONNAME = "Abhishek Gupta";
				TargetAttributes = {
					77ADAAEE1EE00A4400E33C07 = {
						CreatedOnToolsVersion = 8.3.1;
						LastSwiftMigration = 0830;
						ProvisioningStyle = Automatic;
					};
					77ADAB051EE00A4600E33C07 = {
						CreatedOnToolsVersion = 8.3.1;
						ProvisioningStyle = Automatic;
						TestTargetID = 77ADAAEE1EE00A4400E33C07;
					};
					77ADAB101EE00A4600E33C07 = {
						CreatedOnToolsVersion = 8.3.1;
						ProvisioningStyle = Automatic;
						TestTargetID = 77ADAAEE1EE00A4400E33C07;
					};
				};
			};
			buildConfigurationList = 77ADAAEA1EE00A4400E33C07 /* Build configuration list for PBXProject "YahooLogin_ContactList" */;
			compatibilityVersion = "Xcode 3.2";
			developmentRegion = English;
			hasScannedForEncodings = 0;
			knownRegions = (
				en,
				Base,
			);
			mainGroup = 77ADAAE61EE00A4400E33C07;
			productRefGroup = 77ADAAF01EE00A4400E33C07 /* Products */;
			projectDirPath = "";
			projectRoot = "";
			targets = (
				77ADAAEE1EE00A4400E33C07 /* YahooLogin_ContactList */,
				77ADAB051EE00A4600E33C07 /* YahooLogin_ContactListTests */,
				77ADAB101EE00A4600E33C07 /* YahooLogin_ContactListUITests */,
			);
		};
/* End PBXProject section */

/* Begin PBXResourcesBuildPhase section */
		77ADAAED1EE00A4400E33C07 /* Resources */ = {
			isa = PBXResourcesBuildPhase;
			buildActionMask = 2147483647;
			files = (
				77ADAB001EE00A4600E33C07 /* LaunchScreen.storyboard in Resources */,
				77ADAAFD1EE00A4600E33C07 /* Assets.xcassets in Resources */,
				77ADAAF81EE00A4500E33C07 /* Main.storyboard in Resources */,
			);
			runOnlyForDeploymentPostprocessing = 0;
		};
		77ADAB041EE00A4600E33C07 /* Resources */ = {
			isa = PBXResourcesBuildPhase;
			buildActionMask = 2147483647;
			files = (
			);
			runOnlyForDeploymentPostprocessing = 0;
		};
		77ADAB0F1EE00A4600E33C07 /* Resources */ = {
			isa = PBXResourcesBuildPhase;
			buildActionMask = 2147483647;
			files = (
			);
			runOnlyForDeploymentPostprocessing = 0;
		};
/* End PBXResourcesBuildPhase section */

/* Begin PBXSourcesBuildPhase section */
		77ADAAEB1EE00A4400E33C07 /* Sources */ = {
			isa = PBXSourcesBuildPhase;
			buildActionMask = 2147483647;
			files = (
				77ADAB631EE00B5400E33C07 /* NSString+URLEncoding.m in Sources */,
				77ADAB671EE00B5400E33C07 /* YOAuthSignatureMethod_PLAINTEXT.m in Sources */,
				77ADAAFB1EE00A4500E33C07 /* YahooLogin_ContactList.xcdatamodeld in Sources */,
				77ADAB431EE00B3F00E33C07 /* YOSAuthRequest.m in Sources */,
				77ADAB461EE00B3F00E33C07 /* YOSRequestClient.m in Sources */,
				77ADAB451EE00B3F00E33C07 /* YOSOpenSocialRequest.m in Sources */,
				77ADAB4B1EE00B3F00E33C07 /* YOSUserRequest.m in Sources */,
				77ADAB641EE00B5400E33C07 /* YOAuthConsumer.m in Sources */,
				77ADAB6F1EE00BD600E33C07 /* Yahoo.swift in Sources */,
				77ADAB661EE00B5400E33C07 /* YOAuthSignatureMethod_HMAC-SHA1.m in Sources */,
				77ADAB421EE00B3F00E33C07 /* YOSAccessToken.m in Sources */,
				77ADAB481EE00B3F00E33C07 /* YOSResponseData.m in Sources */,
				77ADAB611EE00B5400E33C07 /* NSData+OAuthResponse.m in Sources */,
				77ADAB681EE00B5400E33C07 /* YOAuthToken.m in Sources */,
				77ADAB411EE00B3F00E33C07 /* YahooSession.m in Sources */,
				77ADAAF51EE00A4500E33C07 /* ViewController.swift in Sources */,
				77ADAB471EE00B3F00E33C07 /* YOSRequestToken.m in Sources */,
				77ADAB441EE00B3F00E33C07 /* YOSBaseRequest.m in Sources */,
				77ADAB711EE00C0000E33C07 /* PBSocialDelegate.swift in Sources */,
				77ADAB4A1EE00B3F00E33C07 /* YOSUser.m in Sources */,
				77ADAB6D1EE00B6600E33C07 /* Base64Transcoder.c in Sources */,
				77ADAAF31EE00A4500E33C07 /* AppDelegate.swift in Sources */,
				77ADAB491EE00B3F00E33C07 /* YOSTokenStore.m in Sources */,
				77ADAB651EE00B5400E33C07 /* YOAuthRequest.m in Sources */,
				77ADAB4C1EE00B3F00E33C07 /* YQLQueryRequest.m in Sources */,
				77ADAB621EE00B5400E33C07 /* NSDictionary+QueryString.m in Sources */,
				77ADAB691EE00B5400E33C07 /* YOAuthUtil.m in Sources */,
			);
			runOnlyForDeploymentPostprocessing = 0;
		};
		77ADAB021EE00A4600E33C07 /* Sources */ = {
			isa = PBXSourcesBuildPhase;
			buildActionMask = 2147483647;
			files = (
				77ADAB0B1EE00A4600E33C07 /* YahooLogin_ContactListTests.swift in Sources */,
			);
			runOnlyForDeploymentPostprocessing = 0;
		};
		77ADAB0D1EE00A4600E33C07 /* Sources */ = {
			isa = PBXSourcesBuildPhase;
			buildActionMask = 2147483647;
			files = (
				77ADAB161EE00A4600E33C07 /* YahooLogin_ContactListUITests.swift in Sources */,
			);
			runOnlyForDeploymentPostprocessing = 0;
		};
/* End PBXSourcesBuildPhase section */

/* Begin PBXTargetDependency section */
		77ADAB081EE00A4600E33C07 /* PBXTargetDependency */ = {
			isa = PBXTargetDependency;
			target = 77ADAAEE1EE00A4400E33C07 /* YahooLogin_ContactList */;
			targetProxy = 77ADAB071EE00A4600E33C07 /* PBXContainerItemProxy */;
		};
		77ADAB131EE00A4600E33C07 /* PBXTargetDependency */ = {
			isa = PBXTargetDependency;
			target = 77ADAAEE1EE00A4400E33C07 /* YahooLogin_ContactList */;
			targetProxy = 77ADAB121EE00A4600E33C07 /* PBXContainerItemProxy */;
		};
/* End PBXTargetDependency section */

/* Begin PBXVariantGroup section */
		77ADAAF61EE00A4500E33C07 /* Main.storyboard */ = {
			isa = PBXVariantGroup;
			children = (
				77ADAAF71EE00A4500E33C07 /* Base */,
			);
			name = Main.storyboard;
			sourceTree = "<group>";
		};
		77ADAAFE1EE00A4600E33C07 /* LaunchScreen.storyboard */ = {
			isa = PBXVariantGroup;
			children = (
				77ADAAFF1EE00A4600E33C07 /* Base */,
			);
			name = LaunchScreen.storyboard;
			sourceTree = "<group>";
		};
/* End PBXVariantGroup section */

/* Begin XCBuildConfiguration section */
		77ADAB181EE00A4600E33C07 /* Debug */ = {
			isa = XCBuildConfiguration;
			buildSettings = {
				ALWAYS_SEARCH_USER_PATHS = NO;
				CLANG_ANALYZER_NONNULL = YES;
				CLANG_ANALYZER_NUMBER_OBJECT_CONVERSION = YES_AGGRESSIVE;
				CLANG_CXX_LANGUAGE_STANDARD = "gnu++0x";
				CLANG_CXX_LIBRARY = "libc++";
				CLANG_ENABLE_MODULES = YES;
				CLANG_ENABLE_OBJC_ARC = YES;
				CLANG_WARN_BOOL_CONVERSION = YES;
				CLANG_WARN_CONSTANT_CONVERSION = YES;
				CLANG_WARN_DIRECT_OBJC_ISA_USAGE = YES_ERROR;
				CLANG_WARN_DOCUMENTATION_COMMENTS = YES;
				CLANG_WARN_EMPTY_BODY = YES;
				CLANG_WARN_ENUM_CONVERSION = YES;
				CLANG_WARN_INFINITE_RECURSION = YES;
				CLANG_WARN_INT_CONVERSION = YES;
				CLANG_WARN_OBJC_ROOT_CLASS = YES_ERROR;
				CLANG_WARN_SUSPICIOUS_MOVE = YES;
				CLANG_WARN_UNREACHABLE_CODE = YES;
				CLANG_WARN__DUPLICATE_METHOD_MATCH = YES;
				"CODE_SIGN_IDENTITY[sdk=iphoneos*]" = "iPhone Developer";
				COPY_PHASE_STRIP = NO;
				DEBUG_INFORMATION_FORMAT = dwarf;
				ENABLE_STRICT_OBJC_MSGSEND = YES;
				ENABLE_TESTABILITY = YES;
				GCC_C_LANGUAGE_STANDARD = gnu99;
				GCC_DYNAMIC_NO_PIC = NO;
				GCC_NO_COMMON_BLOCKS = YES;
				GCC_OPTIMIZATION_LEVEL = 0;
				GCC_PREPROCESSOR_DEFINITIONS = (
					"DEBUG=1",
					"$(inherited)",
				);
				GCC_WARN_64_TO_32_BIT_CONVERSION = YES;
				GCC_WARN_ABOUT_RETURN_TYPE = YES_ERROR;
				GCC_WARN_UNDECLARED_SELECTOR = YES;
				GCC_WARN_UNINITIALIZED_AUTOS = YES_AGGRESSIVE;
				GCC_WARN_UNUSED_FUNCTION = YES;
				GCC_WARN_UNUSED_VARIABLE = YES;
				IPHONEOS_DEPLOYMENT_TARGET = 10.3;
				MTL_ENABLE_DEBUG_INFO = YES;
				ONLY_ACTIVE_ARCH = YES;
				SDKROOT = iphoneos;
				SWIFT_ACTIVE_COMPILATION_CONDITIONS = DEBUG;
				SWIFT_OPTIMIZATION_LEVEL = "-Onone";
				TARGETED_DEVICE_FAMILY = "1,2";
			};
			name = Debug;
		};
		77ADAB191EE00A4600E33C07 /* Release */ = {
			isa = XCBuildConfiguration;
			buildSettings = {
				ALWAYS_SEARCH_USER_PATHS = NO;
				CLANG_ANALYZER_NONNULL = YES;
				CLANG_ANALYZER_NUMBER_OBJECT_CONVERSION = YES_AGGRESSIVE;
				CLANG_CXX_LANGUAGE_STANDARD = "gnu++0x";
				CLANG_CXX_LIBRARY = "libc++";
				CLANG_ENABLE_MODULES = YES;
				CLANG_ENABLE_OBJC_ARC = YES;
				CLANG_WARN_BOOL_CONVERSION = YES;
				CLANG_WARN_CONSTANT_CONVERSION = YES;
				CLANG_WARN_DIRECT_OBJC_ISA_USAGE = YES_ERROR;
				CLANG_WARN_DOCUMENTATION_COMMENTS = YES;
				CLANG_WARN_EMPTY_BODY = YES;
				CLANG_WARN_ENUM_CONVERSION = YES;
				CLANG_WARN_INFINITE_RECURSION = YES;
				CLANG_WARN_INT_CONVERSION = YES;
				CLANG_WARN_OBJC_ROOT_CLASS = YES_ERROR;
				CLANG_WARN_SUSPICIOUS_MOVE = YES;
				CLANG_WARN_UNREACHABLE_CODE = YES;
				CLANG_WARN__DUPLICATE_METHOD_MATCH = YES;
				"CODE_SIGN_IDENTITY[sdk=iphoneos*]" = "iPhone Developer";
				COPY_PHASE_STRIP = NO;
				DEBUG_INFORMATION_FORMAT = "dwarf-with-dsym";
				ENABLE_NS_ASSERTIONS = NO;
				ENABLE_STRICT_OBJC_MSGSEND = YES;
				GCC_C_LANGUAGE_STANDARD = gnu99;
				GCC_NO_COMMON_BLOCKS = YES;
				GCC_WARN_64_TO_32_BIT_CONVERSION = YES;
				GCC_WARN_ABOUT_RETURN_TYPE = YES_ERROR;
				GCC_WARN_UNDECLARED_SELECTOR = YES;
				GCC_WARN_UNINITIALIZED_AUTOS = YES_AGGRESSIVE;
				GCC_WARN_UNUSED_FUNCTION = YES;
				GCC_WARN_UNUSED_VARIABLE = YES;
				IPHONEOS_DEPLOYMENT_TARGET = 10.3;
				MTL_ENABLE_DEBUG_INFO = NO;
				SDKROOT = iphoneos;
				SWIFT_OPTIMIZATION_LEVEL = "-Owholemodule";
				TARGETED_DEVICE_FAMILY = "1,2";
				VALIDATE_PRODUCT = YES;
			};
			name = Release;
		};
		77ADAB1B1EE00A4600E33C07 /* Debug */ = {
			isa = XCBuildConfiguration;
			buildSettings = {
				ASSETCATALOG_COMPILER_APPICON_NAME = AppIcon;
				CLANG_ENABLE_MODULES = YES;
				INFOPLIST_FILE = YahooLogin_ContactList/Info.plist;
				LD_RUNPATH_SEARCH_PATHS = "$(inherited) @executable_path/Frameworks";
				PRODUCT_BUNDLE_IDENTIFIER = "myassignmenthelp.YahooLogin-ContactList";
				PRODUCT_NAME = "$(TARGET_NAME)";
				SWIFT_OBJC_BRIDGING_HEADER = "YahooLogin_ContactList/YahooLogin_ContactList-Bridging-Header.h";
				SWIFT_OPTIMIZATION_LEVEL = "-Onone";
				SWIFT_VERSION = 3.0;
			};
			name = Debug;
		};
		77ADAB1C1EE00A4600E33C07 /* Release */ = {
			isa = XCBuildConfiguration;
			buildSettings = {
				ASSETCATALOG_COMPILER_APPICON_NAME = AppIcon;
				CLANG_ENABLE_MODULES = YES;
				INFOPLIST_FILE = YahooLogin_ContactList/Info.plist;
				LD_RUNPATH_SEARCH_PATHS = "$(inherited) @executable_path/Frameworks";
				PRODUCT_BUNDLE_IDENTIFIER = "myassignmenthelp.YahooLogin-ContactList";
				PRODUCT_NAME = "$(TARGET_NAME)";
				SWIFT_OBJC_BRIDGING_HEADER = "YahooLogin_ContactList/YahooLogin_ContactList-Bridging-Header.h";
				SWIFT_VERSION = 3.0;
			};
			name = Release;
		};
		77ADAB1E1EE00A4600E33C07 /* Debug */ = {
			isa = XCBuildConfiguration;
			buildSettings = {
				ALWAYS_EMBED_SWIFT_STANDARD_LIBRARIES = YES;
				BUNDLE_LOADER = "$(TEST_HOST)";
				INFOPLIST_FILE = YahooLogin_ContactListTests/Info.plist;
				LD_RUNPATH_SEARCH_PATHS = "$(inherited) @executable_path/Frameworks @loader_path/Frameworks";
				PRODUCT_BUNDLE_IDENTIFIER = "myassignmenthelp.YahooLogin-ContactListTests";
				PRODUCT_NAME = "$(TARGET_NAME)";
				SWIFT_VERSION = 3.0;
				TEST_HOST = "$(BUILT_PRODUCTS_DIR)/YahooLogin_ContactList.app/YahooLogin_ContactList";
			};
			name = Debug;
		};
		77ADAB1F1EE00A4600E33C07 /* Release */ = {
			isa = XCBuildConfiguration;
			buildSettings = {
				ALWAYS_EMBED_SWIFT_STANDARD_LIBRARIES = YES;
				BUNDLE_LOADER = "$(TEST_HOST)";
				INFOPLIST_FILE = YahooLogin_ContactListTests/Info.plist;
				LD_RUNPATH_SEARCH_PATHS = "$(inherited) @executable_path/Frameworks @loader_path/Frameworks";
				PRODUCT_BUNDLE_IDENTIFIER = "myassignmenthelp.YahooLogin-ContactListTests";
				PRODUCT_NAME = "$(TARGET_NAME)";
				SWIFT_VERSION = 3.0;
				TEST_HOST = "$(BUILT_PRODUCTS_DIR)/YahooLogin_ContactList.app/YahooLogin_ContactList";
			};
			name = Release;
		};
		77ADAB211EE00A4600E33C07 /* Debug */ = {
			isa = XCBuildConfiguration;
			buildSettings = {
				ALWAYS_EMBED_SWIFT_STANDARD_LIBRARIES = YES;
				INFOPLIST_FILE = YahooLogin_ContactListUITests/Info.plist;
				LD_RUNPATH_SEARCH_PATHS = "$(inherited) @executable_path/Frameworks @loader_path/Frameworks";
				PRODUCT_BUNDLE_IDENTIFIER = "myassignmenthelp.YahooLogin-ContactListUITests";
				PRODUCT_NAME = "$(TARGET_NAME)";
				SWIFT_VERSION = 3.0;
				TEST_TARGET_NAME = YahooLogin_ContactList;
			};
			name = Debug;
		};
		77ADAB221EE00A4600E33C07 /* Release */ = {
			isa = XCBuildConfiguration;
			buildSettings = {
				ALWAYS_EMBED_SWIFT_STANDARD_LIBRARIES = YES;
				INFOPLIST_FILE = YahooLogin_ContactListUITests/Info.plist;
				LD_RUNPATH_SEARCH_PATHS = "$(inherited) @executable_path/Frameworks @loader_path/Frameworks";
				PRODUCT_BUNDLE_IDENTIFIER = "myassignmenthelp.YahooLogin-ContactListUITests";
				PRODUCT_NAME = "$(TARGET_NAME)";
				SWIFT_VERSION = 3.0;
				TEST_TARGET_NAME = YahooLogin_ContactList;
			};
			name = Release;
		};
/* End XCBuildConfiguration section */

/* Begin XCConfigurationList section */
		77ADAAEA1EE00A4400E33C07 /* Build configuration list for PBXProject "YahooLogin_ContactList" */ = {
			isa = XCConfigurationList;
			buildConfigurations = (
				77ADAB181EE00A4600E33C07 /* Debug */,
				77ADAB191EE00A4600E33C07 /* Release */,
			);
			defaultConfigurationIsVisible = 0;
			defaultConfigurationName = Release;
		};
		77ADAB1A1EE00A4600E33C07 /* Build configuration list for PBXNativeTarget "YahooLogin_ContactList" */ = {
			isa = XCConfigurationList;
			buildConfigurations = (
				77ADAB1B1EE00A4600E33C07 /* Debug */,
				77ADAB1C1EE00A4600E33C07 /* Release */,
			);
			defaultConfigurationIsVisible = 0;
		};
		77ADAB1D1EE00A4600E33C07 /* Build configuration list for PBXNativeTarget "YahooLogin_ContactListTests" */ = {
			isa = XCConfigurationList;
			buildConfigurations = (
				77ADAB1E1EE00A4600E33C07 /* Debug */,
				77ADAB1F1EE00A4600E33C07 /* Release */,
			);
			defaultConfigurationIsVisible = 0;
		};
		77ADAB201EE00A4600E33C07 /* Build configuration list for PBXNativeTarget "YahooLogin_ContactListUITests" */ = {
			isa = XCConfigurationList;
			buildConfigurations = (
				77ADAB211EE00A4600E33C07 /* Debug */,
				77ADAB221EE00A4600E33C07 /* Release */,
			);
			defaultConfigurationIsVisible = 0;
		};
/* End XCConfigurationList section */

/* Begin XCVersionGroup section */
		77ADAAF91EE00A4500E33C07 /* YahooLogin_ContactList.xcdatamodeld */ = {
			isa = XCVersionGroup;
			children = (
				77ADAAFA1EE00A4500E33C07 /* YahooLogin_ContactList.xcdatamodel */,
			);
			currentVersion = 77ADAAFA1EE00A4500E33C07 /* YahooLogin_ContactList.xcdatamodel */;
			path = YahooLogin_ContactList.xcdatamodeld;
			sourceTree = "<group>";
			versionGroupType = wrapper.xcdatamodel;
		};
/* End XCVersionGroup section */
	};
	rootObject = 77ADAAE71EE00A4400E33C07 /* Project object */;
}
