// !$*UTF8*$!
{
	archiveVersion = 1;
	classes = {
	};
	objectVersion = 46;
	objects = {

/* Begin PBXBuildFile section */
		77ADAAF31EE00A4500E33C07 /* AppDelegate.swift in Sources */ = {isa = PBXBuildFile; fileRef = 77ADAAF21EE00A4500E33C07 /* AppDelegate.swift */; };
		77ADAAF51EE00A4500E33C07 /* ViewController.swift in Sources */ = {isa = PBXBuildFile; fileRef = 77ADAAF41EE00A4500E33C07 /* ViewController.swift */; };
		77ADAAF81EE00A4500E33C07 /* Main.storyboard in Resources */ = {isa = PBXBuildFile; fileRef = 77ADAAF61EE00A4500E33C07 /* Main.storyboard */; };
		77ADAAFB1EE00A4500E33C07 /* YahooLogin_ContactList.xcdatamodeld in Sources */ = {isa = PBXBuildFile; fileRef = 77ADAAF91EE00A4500E33C07 /* YahooLogin_ContactList.xcdatamodeld */; };
		77ADAAFD1EE00A4600E33C07 /* Assets.xcassets in Resources */ = {isa = PBXBuildFile; fileRef = 77ADAAFC1EE00A4600E33C07 /* Assets.xcassets */; };
		77ADAB001EE00A4600E33C07 /* LaunchScreen.storyboard in Resources */ = {isa = PBXBuildFile; fileRef = 77ADAAFE1EE00A4600E33C07 /* LaunchScreen.storyboard */; };
		77ADAB0B1EE00A4600E33C07 /* YahooLogin_ContactListTests.swift in Sources */ = {isa = PBXBuildFile; fileRef = 77ADAB0A1EE00A4600E33C07 /* YahooLogin_ContactListTests.swift */; };
		77ADAB161EE00A4600E33C07 /* YahooLogin_ContactListUITests.swift in Sources */ = {isa = PBXBuildFile; fileRef = 77ADAB151EE00A4600E33C07 /* YahooLogin_ContactListUITests.swift */; };
/* End PBXBuildFile section */

/* Begin PBXContainerItemProxy section */
		77ADAB071EE00A4600E33C07 /* PBXContainerItemProxy */ = {
			isa = PBXContainerItemProxy;
			containerPortal = 77ADAAE71EE00A4400E33C07 /* Project object */;
			proxyType = 1;
			remoteGlobalIDString = 77ADAAEE1EE00A4400E33C07;
			remoteInfo = YahooLogin_ContactList;
		};
		77ADAB121EE00A4600E33C07 /* PBXContainerItemProxy */ = {
			isa = PBXContainerItemProxy;
			containerPortal = 77ADAAE71EE00A4400E33C07 /* Project object */;
			proxyType = 1;
			remoteGlobalIDString = 77ADAAEE1EE00A4400E33C07;
			remoteInfo = YahooLogin_ContactList;
		};
/* End PBXContainerItemProxy section */

/* Begin PBXFileReference section */
		77ADAAEF1EE00A4400E33C07 /* YahooLogin_ContactList.app */ = {isa = PBXFileReference; explicitFileType = wrapper.application; includeInIndex = 0; path = YahooLogin_ContactList.app; sourceTree = BUILT_PRODUCTS_DIR; };
		77ADAAF21EE00A4500E33C07 /* AppDelegate.swift */ = {isa = PBXFileReference; lastKnownFileType = sourcecode.swift; path = AppDelegate.swift; sourceTree = "<group>"; };
		77ADAAF41EE00A4500E33C07 /* ViewController.swift */ = {isa = PBXFileReference; lastKnownFileType = sourcecode.swift; path = ViewController.swift; sourceTree = "<group>"; };
		77ADAAF71EE00A4500E33C07 /* Base */ = {isa = PBXFileReference; lastKnownFileType = file.storyboard; name = Base; path = Base.lproj/Main.storyboard; sourceTree = "<group>"; };
		77ADAAFA1EE00A4500E33C07 /* YahooLogin_ContactList.xcdatamodel */ = {isa = PBXFileReference; lastKnownFileType = wrapper.xcdatamodel; path = YahooLogin_ContactList.xcdatamodel; sourceTree = "<group>"; };
		77ADAAFC1EE00A4600E33C07 /* Assets.xcassets */ = {isa = PBXFileReference; lastKnownFileType = folder.assetcatalog; path = Assets.xcassets; sourceTree = "<group>"; };
		77ADAAFF1EE00A4600E33C07 /* Base */ = {isa = PBXFileReference; lastKnownFileType = file.storyboard; name = Base; path = Base.lproj/LaunchScreen.storyboard; sourceTree = "<group>"; };
		77ADAB011EE00A4600E33C07 /* Info.plist */ = {isa = PBXFileReference; lastKnownFileType = text.plist.xml; path = Info.plist; sourceTree = "<group>"; };
		77ADAB061EE00A4600E33C07 /* YahooLogin_ContactListTests.xctest */ = {isa = PBXFileReference; explicitFileType = wrapper.cfbundle; includeInIndex = 0; path = YahooLogin_ContactListTests.xctest; sourceTree = BUILT_PRODUCTS_DIR; };
		77ADAB0A1EE00A4600E33C07 /* YahooLogin_ContactListTests.swift */ = {isa = PBXFileReference; lastKnownFileType = sourcecode.swift; path = YahooLogin_ContactListTests.swift; sourceTree = "<group>"; };
		77ADAB0C1EE00A4600E33C07 /* Info.plist */ = {isa = PBXFileReference; lastKnownFileType = text.plist.xml; path = Info.plist; sourceTree = "<group>"; };
		77ADAB111EE00A4600E33C07 /* YahooLogin_ContactListUITests.xctest */ = {isa = PBXFileReference; explicitFileType = wrapper.cfbundle; includeInIndex = 0; path = YahooLogin_ContactListUITests.xctest; sourceTree = BUILT_PRODUCTS_DIR; };
		77ADAB151EE00A4600E33C07 /* YahooLogin_ContactListUITests.swift */ = {isa = PBXFileReference; lastKnownFileType = sourcecode.swift; path = YahooLogin_ContactListUITests.swift; sourceTree = "<group>"; };
		77ADAB171EE00A4600E33C07 /* Info.plist */ = {isa = PBXFileReference; lastKnownFileType = text.plist.xml; path = Info.plist; sourceTree = "<group>"; };
/* End PBXFileReference section */

/* Begin PBXFrameworksBuildPhase section */
		77ADAAEC1EE00A4400E33C07 /* Frameworks */ = {
			isa = PBXFrameworksBuildPhase;
			buildActionMask = 2147483647;
			files = (
			);
			runOnlyForDeploymentPostprocessing = 0;
		};
		77ADAB031EE00A4600E33C07 /* Frameworks */ = {
			isa = PBXFrameworksBuildPhase;
			buildActionMask = 2147483647;
			files = (
			);
			runOnlyForDeploymentPostprocessing = 0;
		};
		77ADAB0E1EE00A4600E33C07 /* Frameworks */ = {
			isa = PBXFrameworksBuildPhase;
			buildActionMask = 2147483647;
			files = (
			);
			runOnlyForDeploymentPostprocessing = 0;
		};
/* End PBXFrameworksBuildPhase section */

/* Begin PBXGroup section */
		77ADAAE61EE00A4400E33C07 = {
			isa = PBXGroup;
			children = (
				77ADAAF11EE00A4400E33C07 /* YahooLogin_ContactList */,
				77ADAB091EE00A4600E33C07 /* YahooLogin_ContactListTests */,
				77ADAB141EE00A4600E33C07 /* YahooLogin_ContactListUITests */,
				77ADAAF01EE00A4400E33C07 /* Products */,
			);
			sourceTree = "<group>";
		};
		77ADAAF01EE00A4400E33C07 /* Products */ = {
			isa = PBXGroup;
			children = (
				77ADAAEF1EE00A4400E33C07 /* YahooLogin_ContactList.app */,
				77ADAB061EE00A4600E33C07 /* YahooLogin_ContactListTests.xctest */,
				77ADAB111EE00A4600E33C07 /* YahooLogin_ContactListUITests.xctest */,
			);
			name = Products;
			sourceTree = "<group>";
		};
		77ADAAF11EE00A4400E33C07 /* YahooLogin_ContactList */ = {
			isa = PBXGroup;
			children = (
				77ADAAF21EE00A4500E33C07 /* AppDelegate.swift */,
				77ADAAF41EE00A4500E33C07 /* ViewController.swift */,
				77ADAAF61EE00A4500E33C07 /* Main.storyboard */,
				77ADAAFC1EE00A4600E33C07 /* Assets.xcassets */,
				77ADAAFE1EE00A4600E33C07 /* LaunchScreen.storyboard */,
				77ADAB011EE00A4600E33C07 /* Info.plist */,
				77ADAAF91EE00A4500E33C07 /* YahooLogin_ContactList.xcdatamodeld */,
			);
			path = YahooLogin_ContactList;
			sourceTree = "<group>";
		};
		77ADAB091EE00A4600E33C07 /* YahooLogin_ContactListTests */ = {
			isa = PBXGroup;
			children = (
				77ADAB0A1EE00A4600E33C07 /* YahooLogin_ContactListTests.swift */,
				77ADAB0C1EE00A4600E33C07 /* Info.plist */,
			);
			path = YahooLogin_ContactListTests;
			sourceTree = "<group>";
		};
		77ADAB141EE00A4600E33C07 /* YahooLogin_ContactListUITests */ = {
			isa = PBXGroup;
			children = (
				77ADAB151EE00A4600E33C07 /* YahooLogin_ContactListUITests.swift */,
				77ADAB171EE00A4600E33C07 /* Info.plist */,
			);
			path = YahooLogin_ContactListUITests;
			sourceTree = "<group>";
		};
/* End PBXGroup section */

/* Begin PBXNativeTarget section */
		77ADAAEE1EE00A4400E33C07 /* YahooLogin_ContactList */ = {
			isa = PBXNativeTarget;
			buildConfigurationList = 77ADAB1A1EE00A4600E33C07 /* Build configuration list for PBXNativeTarget "YahooLogin_ContactList" */;
			buildPhases = (
				77ADAAEB1EE00A4400E33C07 /* Sources */,
				77ADAAEC1EE00A4400E33C07 /* Frameworks */,
				77ADAAED1EE00A4400E33C07 /* Resources */,
			);
			buildRules = (
			);
			dependencies = (
			);
			name = YahooLogin_ContactList;
			productName = YahooLogin_ContactList;
			productReference = 77ADAAEF1EE00A4400E33C07 /* YahooLogin_ContactList.app */;
			productType = "com.apple.product-type.application";
		};
		77ADAB051EE00A4600E33C07 /* YahooLogin_ContactListTests */ = {
			isa = PBXNativeTarget;
			buildConfigurationList = 77ADAB1D1EE00A4600E33C07 /* Build configuration list for PBXNativeTarget "YahooLogin_ContactListTests" */;
			buildPhases = (
				77ADAB021EE00A4600E33C07 /* Sources */,
				77ADAB031EE00A4600E33C07 /* Frameworks */,
				77ADAB041EE00A4600E33C07 /* Resources */,
			);
			buildRules = (
			);
			dependencies = (
				77ADAB081EE00A4600E33C07 /* PBXTargetDependency */,
			);
			name = YahooLogin_ContactListTests;
			productName = YahooLogin_ContactListTests;
			productReference = 77ADAB061EE00A4600E33C07 /* YahooLogin_ContactListTests.xctest */;
			productType = "com.apple.product-type.bundle.unit-test";
		};
		77ADAB101EE00A4600E33C07 /* YahooLogin_ContactListUITests */ = {
			isa = PBXNativeTarget;
			buildConfigurationList = 77ADAB201EE00A4600E33C07 /* Build configuration list for PBXNativeTarget "YahooLogin_ContactListUITests" */;
			buildPhases = (
				77ADAB0D1EE00A4600E33C07 /* Sources */,
				77ADAB0E1EE00A4600E33C07 /* Frameworks */,
				77ADAB0F1EE00A4600E33C07 /* Resources */,
			);
			buildRules = (
			);
			dependencies = (
				77ADAB131EE00A4600E33C07 /* PBXTargetDependency */,
			);
			name = YahooLogin_ContactListUITests;
			productName = YahooLogin_ContactListUITests;
			productReference = 77ADAB111EE00A4600E33C07 /* YahooLogin_ContactListUITests.xctest */;
			productType = "com.apple.product-type.bundle.ui-testing";
		};
/* End PBXNativeTarget section */

/* Begin PBXProject section */
		77ADAAE71EE00A4400E33C07 /* Project object */ = {
			isa = PBXProject;
			attributes = {
				LastSwiftUpdateCheck = 0830;
				LastUpgradeCheck = 0830;
				ORGANIZATIONNAME = "Abhishek Gupta";
				TargetAttributes = {
					77ADAAEE1EE00A4400E33C07 = {
						CreatedOnToolsVersion = 8.3.1;
						ProvisioningStyle = Automatic;
					};
					77ADAB051EE00A4600E33C07 = {
						CreatedOnToolsVersion = 8.3.1;
						ProvisioningStyle = Automatic;
						TestTargetID = 77ADAAEE1EE00A4400E33C07;
					};
					77ADAB101EE00A4600E33C07 = {
						CreatedOnToolsVersion = 8.3.1;
						ProvisioningStyle = Automatic;
						TestTargetID = 77ADAAEE1EE00A4400E33C07;
					};
				};
			};
			buildConfigurationList = 77ADAAEA1EE00A4400E33C07 /* Build configuration list for PBXProject "YahooLogin_ContactList" */;
			compatibilityVersion = "Xcode 3.2";
			developmentRegion = English;
			hasScannedForEncodings = 0;
			knownRegions = (
				en,
				Base,
			);
			mainGroup = 77ADAAE61EE00A4400E33C07;
			productRefGroup = 77ADAAF01EE00A4400E33C07 /* Products */;
			projectDirPath = "";
			projectRoot = "";
			targets = (
				77ADAAEE1EE00A4400E33C07 /* YahooLogin_ContactList */,
				77ADAB051EE00A4600E33C07 /* YahooLogin_ContactListTests */,
				77ADAB101EE00A4600E33C07 /* YahooLogin_ContactListUITests */,
			);
		};
/* End PBXProject section */

/* Begin PBXResourcesBuildPhase section */
		77ADAAED1EE00A4400E33C07 /* Resources */ = {
			isa = PBXResourcesBuildPhase;
			buildActionMask = 2147483647;
			files = (
				77ADAB001EE00A4600E33C07 /* LaunchScreen.storyboard in Resources */,
				77ADAAFD1EE00A4600E33C07 /* Assets.xcassets in Resources */,
				77ADAAF81EE00A4500E33C07 /* Main.storyboard in Resources */,
			);
			runOnlyForDeploymentPostprocessing = 0;
		};
		77ADAB041EE00A4600E33C07 /* Resources */ = {
			isa = PBXResourcesBuildPhase;
			buildActionMask = 2147483647;
			files = (
			);
			runOnlyForDeploymentPostprocessing = 0;
		};
		77ADAB0F1EE00A4600E33C07 /* Resources */ = {
			isa = PBXResourcesBuildPhase;
			buildActionMask = 2147483647;
			files = (
			);
			runOnlyForDeploymentPostprocessing = 0;
		};
/* End PBXResourcesBuildPhase section */

/* Begin PBXSourcesBuildPhase section */
		77ADAAEB1EE00A4400E33C07 /* Sources */ = {
			isa = PBXSourcesBuildPhase;
			buildActionMask = 2147483647;
			files = (
				77ADAAFB1EE00A4500E33C07 /* YahooLogin_ContactList.xcdatamodeld in Sources */,
				77ADAAF51EE00A4500E33C07 /* ViewController.swift in Sources */,
				77ADAAF31EE00A4500E33C07 /* AppDelegate.swift in Sources */,
			);
			runOnlyForDeploymentPostprocessing = 0;
		};
		77ADAB021EE00A4600E33C07 /* Sources */ = {
			isa = PBXSourcesBuildPhase;
			buildActionMask = 2147483647;
			files = (
				77ADAB0B1EE00A4600E33C07 /* YahooLogin_ContactListTests.swift in Sources */,
			);
			runOnlyForDeploymentPostprocessing = 0;
		};
		77ADAB0D1EE00A4600E33C07 /* Sources */ = {
			isa = PBXSourcesBuildPhase;
			buildActionMask = 2147483647;
			files = (
				77ADAB161EE00A4600E33C07 /* YahooLogin_ContactListUITests.swift in Sources */,
			);
			runOnlyForDeploymentPostprocessing = 0;
		};
/* End PBXSourcesBuildPhase section */

/* Begin PBXTargetDependency section */
		77ADAB081EE00A4600E33C07 /* PBXTargetDependency */ = {
			isa = PBXTargetDependency;
			target = 77ADAAEE1EE00A4400E33C07 /* YahooLogin_ContactList */;
			targetProxy = 77ADAB071EE00A4600E33C07 /* PBXContainerItemProxy */;
		};
		77ADAB131EE00A4600E33C07 /* PBXTargetDependency */ = {
			isa = PBXTargetDependency;
			target = 77ADAAEE1EE00A4400E33C07 /* YahooLogin_ContactList */;
			targetProxy = 77ADAB121EE00A4600E33C07 /* PBXContainerItemProxy */;
		};
/* End PBXTargetDependency section */

/* Begin PBXVariantGroup section */
		77ADAAF61EE00A4500E33C07 /* Main.storyboard */ = {
			isa = PBXVariantGroup;
			children = (
				77ADAAF71EE00A4500E33C07 /* Base */,
			);
			name = Main.storyboard;
			sourceTree = "<group>";
		};
		77ADAAFE1EE00A4600E33C07 /* LaunchScreen.storyboard */ = {
			isa = PBXVariantGroup;
			children = (
				77ADAAFF1EE00A4600E33C07 /* Base */,
			);
			name = LaunchScreen.storyboard;
			sourceTree = "<group>";
		};
/* End PBXVariantGroup section */

/* Begin XCBuildConfiguration section */
		77ADAB181EE00A4600E33C07 /* Debug */ = {
			isa = XCBuildConfiguration;
			buildSettings = {
				ALWAYS_SEARCH_USER_PATHS = NO;
				CLANG_ANALYZER_NONNULL = YES;
				CLANG_ANALYZER_NUMBER_OBJECT_CONVERSION = YES_AGGRESSIVE;
				CLANG_CXX_LANGUAGE_STANDARD = "gnu++0x";
				CLANG_CXX_LIBRARY = "libc++";
				CLANG_ENABLE_MODULES = YES;
				CLANG_ENABLE_OBJC_ARC = YES;
				CLANG_WARN_BOOL_CONVERSION = YES;
				CLANG_WARN_CONSTANT_CONVERSION = YES;
				CLANG_WARN_DIRECT_OBJC_ISA_USAGE = YES_ERROR;
				CLANG_WARN_DOCUMENTATION_COMMENTS = YES;
				CLANG_WARN_EMPTY_BODY = YES;
				CLANG_WARN_ENUM_CONVERSION = YES;
				CLANG_WARN_INFINITE_RECURSION = YES;
				CLANG_WARN_INT_CONVERSION = YES;
				CLANG_WARN_OBJC_ROOT_CLASS = YES_ERROR;
				CLANG_WARN_SUSPICIOUS_MOVE = YES;
				CLANG_WARN_UNREACHABLE_CODE = YES;
				CLANG_WARN__DUPLICATE_METHOD_MATCH = YES;
				"CODE_SIGN_IDENTITY[sdk=iphoneos*]" = "iPhone Developer";
				COPY_PHASE_STRIP = NO;
				DEBUG_INFORMATION_FORMAT = dwarf;
				ENABLE_STRICT_OBJC_MSGSEND = YES;
				ENABLE_TESTABILITY = YES;
				GCC_C_LANGUAGE_STANDARD = gnu99;
				GCC_DYNAMIC_NO_PIC = NO;
				GCC_NO_COMMON_BLOCKS = YES;
				GCC_OPTIMIZATION_LEVEL = 0;
				GCC_PREPROCESSOR_DEFINITIONS = (
					"DEBUG=1",
					"$(inherited)",
				);
				GCC_WARN_64_TO_32_BIT_CONVERSION = YES;
				GCC_WARN_ABOUT_RETURN_TYPE = YES_ERROR;
				GCC_WARN_UNDECLARED_SELECTOR = YES;
				GCC_WARN_UNINITIALIZED_AUTOS = YES_AGGRESSIVE;
				GCC_WARN_UNUSED_FUNCTION = YES;
				GCC_WARN_UNUSED_VARIABLE = YES;
				IPHONEOS_DEPLOYMENT_TARGET = 10.3;
				MTL_ENABLE_DEBUG_INFO = YES;
				ONLY_ACTIVE_ARCH = YES;
				SDKROOT = iphoneos;
				SWIFT_ACTIVE_COMPILATION_CONDITIONS = DEBUG;
				SWIFT_OPTIMIZATION_LEVEL = "-Onone";
				TARGETED_DEVICE_FAMILY = "1,2";
			};
			name = Debug;
		};
		77ADAB191EE00A4600E33C07 /* Release */ = {
			isa = XCBuildConfiguration;
			buildSettings = {
				ALWAYS_SEARCH_USER_PATHS = NO;
				CLANG_ANALYZER_NONNULL = YES;
				CLANG_ANALYZER_NUMBER_OBJECT_CONVERSION = YES_AGGRESSIVE;
				CLANG_CXX_LANGUAGE_STANDARD = "gnu++0x";
				CLANG_CXX_LIBRARY = "libc++";
				CLANG_ENABLE_MODULES = YES;
				CLANG_ENABLE_OBJC_ARC = YES;
				CLANG_WARN_BOOL_CONVERSION = YES;
				CLANG_WARN_CONSTANT_CONVERSION = YES;
				CLANG_WARN_DIRECT_OBJC_ISA_USAGE = YES_ERROR;
				CLANG_WARN_DOCUMENTATION_COMMENTS = YES;
				CLANG_WARN_EMPTY_BODY = YES;
				CLANG_WARN_ENUM_CONVERSION = YES;
				CLANG_WARN_INFINITE_RECURSION = YES;
				CLANG_WARN_INT_CONVERSION = YES;
				CLANG_WARN_OBJC_ROOT_CLASS = YES_ERROR;
				CLANG_WARN_SUSPICIOUS_MOVE = YES;
				CLANG_WARN_UNREACHABLE_CODE = YES;
				CLANG_WARN__DUPLICATE_METHOD_MATCH = YES;
				"CODE_SIGN_IDENTITY[sdk=iphoneos*]" = "iPhone Developer";
				COPY_PHASE_STRIP = NO;
				DEBUG_INFORMATION_FORMAT = "dwarf-with-dsym";
				ENABLE_NS_ASSERTIONS = NO;
				ENABLE_STRICT_OBJC_MSGSEND = YES;
				GCC_C_LANGUAGE_STANDARD = gnu99;
				GCC_NO_COMMON_BLOCKS = YES;
				GCC_WARN_64_TO_32_BIT_CONVERSION = YES;
				GCC_WARN_ABOUT_RETURN_TYPE = YES_ERROR;
				GCC_WARN_UNDECLARED_SELECTOR = YES;
				GCC_WARN_UNINITIALIZED_AUTOS = YES_AGGRESSIVE;
				GCC_WARN_UNUSED_FUNCTION = YES;
				GCC_WARN_UNUSED_VARIABLE = YES;
				IPHONEOS_DEPLOYMENT_TARGET = 10.3;
				MTL_ENABLE_DEBUG_INFO = NO;
				SDKROOT = iphoneos;
				SWIFT_OPTIMIZATION_LEVEL = "-Owholemodule";
				TARGETED_DEVICE_FAMILY = "1,2";
				VALIDATE_PRODUCT = YES;
			};
			name = Release;
		};
		77ADAB1B1EE00A4600E33C07 /* Debug */ = {
			isa = XCBuildConfiguration;
			buildSettings = {
				ASSETCATALOG_COMPILER_APPICON_NAME = AppIcon;
				INFOPLIST_FILE = YahooLogin_ContactList/Info.plist;
				LD_RUNPATH_SEARCH_PATHS = "$(inherited) @executable_path/Frameworks";
				PRODUCT_BUNDLE_IDENTIFIER = "myassignmenthelp.YahooLogin-ContactList";
				PRODUCT_NAME = "$(TARGET_NAME)";
				SWIFT_VERSION = 3.0;
			};
			name = Debug;
		};
		77ADAB1C1EE00A4600E33C07 /* Release */ = {
			isa = XCBuildConfiguration;
			buildSettings = {
				ASSETCATALOG_COMPILER_APPICON_NAME = AppIcon;
				INFOPLIST_FILE = YahooLogin_ContactList/Info.plist;
				LD_RUNPATH_SEARCH_PATHS = "$(inherited) @executable_path/Frameworks";
				PRODUCT_BUNDLE_IDENTIFIER = "myassignmenthelp.YahooLogin-ContactList";
				PRODUCT_NAME = "$(TARGET_NAME)";
				SWIFT_VERSION = 3.0;
			};
			name = Release;
		};
		77ADAB1E1EE00A4600E33C07 /* Debug */ = {
			isa = XCBuildConfiguration;
			buildSettings = {
				ALWAYS_EMBED_SWIFT_STANDARD_LIBRARIES = YES;
				BUNDLE_LOADER = "$(TEST_HOST)";
				INFOPLIST_FILE = YahooLogin_ContactListTests/Info.plist;
				LD_RUNPATH_SEARCH_PATHS = "$(inherited) @executable_path/Frameworks @loader_path/Frameworks";
				PRODUCT_BUNDLE_IDENTIFIER = "myassignmenthelp.YahooLogin-ContactListTests";
				PRODUCT_NAME = "$(TARGET_NAME)";
				SWIFT_VERSION = 3.0;
				TEST_HOST = "$(BUILT_PRODUCTS_DIR)/YahooLogin_ContactList.app/YahooLogin_ContactList";
			};
			name = Debug;
		};
		77ADAB1F1EE00A4600E33C07 /* Release */ = {
			isa = XCBuildConfiguration;
			buildSettings = {
				ALWAYS_EMBED_SWIFT_STANDARD_LIBRARIES = YES;
				BUNDLE_LOADER = "$(TEST_HOST)";
				INFOPLIST_FILE = YahooLogin_ContactListTests/Info.plist;
				LD_RUNPATH_SEARCH_PATHS = "$(inherited) @executable_path/Frameworks @loader_path/Frameworks";
				PRODUCT_BUNDLE_IDENTIFIER = "myassignmenthelp.YahooLogin-ContactListTests";
				PRODUCT_NAME = "$(TARGET_NAME)";
				SWIFT_VERSION = 3.0;
				TEST_HOST = "$(BUILT_PRODUCTS_DIR)/YahooLogin_ContactList.app/YahooLogin_ContactList";
			};
			name = Release;
		};
		77ADAB211EE00A4600E33C07 /* Debug */ = {
			isa = XCBuildConfiguration;
			buildSettings = {
				ALWAYS_EMBED_SWIFT_STANDARD_LIBRARIES = YES;
				INFOPLIST_FILE = YahooLogin_ContactListUITests/Info.plist;
				LD_RUNPATH_SEARCH_PATHS = "$(inherited) @executable_path/Frameworks @loader_path/Frameworks";
				PRODUCT_BUNDLE_IDENTIFIER = "myassignmenthelp.YahooLogin-ContactListUITests";
				PRODUCT_NAME = "$(TARGET_NAME)";
				SWIFT_VERSION = 3.0;
				TEST_TARGET_NAME = YahooLogin_ContactList;
			};
			name = Debug;
		};
		77ADAB221EE00A4600E33C07 /* Release */ = {
			isa = XCBuildConfiguration;
			buildSettings = {
				ALWAYS_EMBED_SWIFT_STANDARD_LIBRARIES = YES;
				INFOPLIST_FILE = YahooLogin_ContactListUITests/Info.plist;
				LD_RUNPATH_SEARCH_PATHS = "$(inherited) @executable_path/Frameworks @loader_path/Frameworks";
				PRODUCT_BUNDLE_IDENTIFIER = "myassignmenthelp.YahooLogin-ContactListUITests";
				PRODUCT_NAME = "$(TARGET_NAME)";
				SWIFT_VERSION = 3.0;
				TEST_TARGET_NAME = YahooLogin_ContactList;
			};
			name = Release;
		};
/* End XCBuildConfiguration section */

/* Begin XCConfigurationList section */
		77ADAAEA1EE00A4400E33C07 /* Build configuration list for PBXProject "YahooLogin_ContactList" */ = {
			isa = XCConfigurationList;
			buildConfigurations = (
				77ADAB181EE00A4600E33C07 /* Debug */,
				77ADAB191EE00A4600E33C07 /* Release */,
			);
			defaultConfigurationIsVisible = 0;
			defaultConfigurationName = Release;
		};
		77ADAB1A1EE00A4600E33C07 /* Build configuration list for PBXNativeTarget "YahooLogin_ContactList" */ = {
			isa = XCConfigurationList;
			buildConfigurations = (
				77ADAB1B1EE00A4600E33C07 /* Debug */,
				77ADAB1C1EE00A4600E33C07 /* Release */,
			);
			defaultConfigurationIsVisible = 0;
		};
		77ADAB1D1EE00A4600E33C07 /* Build configuration list for PBXNativeTarget "YahooLogin_ContactListTests" */ = {
			isa = XCConfigurationList;
			buildConfigurations = (
				77ADAB1E1EE00A4600E33C07 /* Debug */,
				77ADAB1F1EE00A4600E33C07 /* Release */,
			);
			defaultConfigurationIsVisible = 0;
		};
		77ADAB201EE00A4600E33C07 /* Build configuration list for PBXNativeTarget "YahooLogin_ContactListUITests" */ = {
			isa = XCConfigurationList;
			buildConfigurations = (
				77ADAB211EE00A4600E33C07 /* Debug */,
				77ADAB221EE00A4600E33C07 /* Release */,
			);
			defaultConfigurationIsVisible = 0;
		};
/* End XCConfigurationList section */

/* Begin XCVersionGroup section */
		77ADAAF91EE00A4500E33C07 /* YahooLogin_ContactList.xcdatamodeld */ = {
			isa = XCVersionGroup;
			children = (
				77ADAAFA1EE00A4500E33C07 /* YahooLogin_ContactList.xcdatamodel */,
			);
			currentVersion = 77ADAAFA1EE00A4500E33C07 /* YahooLogin_ContactList.xcdatamodel */;
			path = YahooLogin_ContactList.xcdatamodeld;
			sourceTree = "<group>";
			versionGroupType = wrapper.xcdatamodel;
		};
/* End XCVersionGroup section */
	};
	rootObject = 77ADAAE71EE00A4400E33C07 /* Project object */;
}
